
Microsoft Visual Studio Solution File, Format Version 12.00
# Visual Studio Version 17
VisualStudioVersion = 17.4.33213.308
MinimumVisualStudioVersion = 10.0.40219.1
Project("{9A19103F-16F7-4668-BE54-9A1E7A4F7556}") = "SnjMathApp", "SnjMathApp\SnjMathApp.csproj", "{D066498B-F271-4CB3-B2E9-229AFE62DBCC}"
EndProject
Project("{9A19103F-16F7-4668-BE54-9A1E7A4F7556}") = "SnjMathAppTests", "SnjMathAppTests\SnjMathAppTests.csproj", "{E3CA68A4-1687-4790-8C59-75DA32AC7718}"
EndProject
Global
	GlobalSection(SolutionConfigurationPlatforms) = preSolution
		Debug|Any CPU = Debug|Any CPU
		Release|Any CPU = Release|Any CPU
	EndGlobalSection
	GlobalSection(ProjectConfigurationPlatforms) = postSolution
		{D066498B-F271-4CB3-B2E9-229AFE62DBCC}.Debug|Any CPU.ActiveCfg = Debug|Any CPU
		{D066498B-F271-4CB3-B2E9-229AFE62DBCC}.Debug|Any CPU.Build.0 = Debug|Any CPU
		{D066498B-F271-4CB3-B2E9-229AFE62DBCC}.Release|Any CPU.ActiveCfg = Release|Any CPU
		{D066498B-F271-4CB3-B2E9-229AFE62DBCC}.Release|Any CPU.Build.0 = Release|Any CPU
		{E3CA68A4-1687-4790-8C59-75DA32AC7718}.Debug|Any CPU.ActiveCfg = Debug|Any CPU
		{E3CA68A4-1687-4790-8C59-75DA32AC7718}.Debug|Any CPU.Build.0 = Debug|Any CPU
		{E3CA68A4-1687-4790-8C59-75DA32AC7718}.Release|Any CPU.ActiveCfg = Release|Any CPU
		{E3CA68A4-1687-4790-8C59-75DA32AC7718}.Release|Any CPU.Build.0 = Release|Any CPU
	EndGlobalSection
	GlobalSection(SolutionProperties) = preSolution
		HideSolutionNode = FALSE
	EndGlobalSection
	GlobalSection(ExtensibilityGlobals) = postSolution
		SolutionGuid = {367F2451-E320-4312-99DB-1F40AECAA6CA}
	EndGlobalSection
EndGlobal
